
Microsoft Visual Studio Solution File, Format Version 12.00
# Visual Studio Version 17
VisualStudioVersion = 17.0.31512.422
MinimumVisualStudioVersion = 10.0.40219.1
Project("{FAE04EC0-301F-11D3-BF4B-00C04F79EFBC}") = "RockPaperScissors", "RockPaperScissors\RockPaperScissors.csproj", "{36BFA938-B4B1-4EDC-B770-EF68838A4EA7}"
EndProject
Project("{FAE04EC0-301F-11D3-BF4B-00C04F79EFBC}") = "RockPaperScissorsTests", "RockPaperScissorsTests\RockPaperScissorsTests.csproj", "{317408BC-69BE-44CF-8EE5-1802D5CC7F7C}"
EndProject
Global
	GlobalSection(SolutionConfigurationPlatforms) = preSolution
		Debug|Any CPU = Debug|Any CPU
		Release|Any CPU = Release|Any CPU
	EndGlobalSection
	GlobalSection(ProjectConfigurationPlatforms) = postSolution
		{36BFA938-B4B1-4EDC-B770-EF68838A4EA7}.Debug|Any CPU.ActiveCfg = Debug|Any CPU
		{36BFA938-B4B1-4EDC-B770-EF68838A4EA7}.Debug|Any CPU.Build.0 = Debug|Any CPU
		{36BFA938-B4B1-4EDC-B770-EF68838A4EA7}.Release|Any CPU.ActiveCfg = Release|Any CPU
		{36BFA938-B4B1-4EDC-B770-EF68838A4EA7}.Release|Any CPU.Build.0 = Release|Any CPU
		{317408BC-69BE-44CF-8EE5-1802D5CC7F7C}.Debug|Any CPU.ActiveCfg = Debug|Any CPU
		{317408BC-69BE-44CF-8EE5-1802D5CC7F7C}.Debug|Any CPU.Build.0 = Debug|Any CPU
		{317408BC-69BE-44CF-8EE5-1802D5CC7F7C}.Release|Any CPU.ActiveCfg = Release|Any CPU
		{317408BC-69BE-44CF-8EE5-1802D5CC7F7C}.Release|Any CPU.Build.0 = Release|Any CPU
	EndGlobalSection
	GlobalSection(SolutionProperties) = preSolution
		HideSolutionNode = FALSE
	EndGlobalSection
	GlobalSection(ExtensibilityGlobals) = postSolution
		SolutionGuid = {7FAA75AD-4362-43D7-B685-9485C0CA793A}
	EndGlobalSection
EndGlobal
